// !$*UTF8*$!
{
	archiveVersion = 1;
	classes = {
	};
	objectVersion = 56;
	objects = {

/* Begin PBXBuildFile section */
		D00039682B0BB1F100555B3E /* swiftui_30dayApp.swift in Sources */ = {isa = PBXBuildFile; fileRef = D00039672B0BB1F100555B3E /* swiftui_30dayApp.swift */; };
		D000396A2B0BB1F100555B3E /* ContentView.swift in Sources */ = {isa = PBXBuildFile; fileRef = D00039692B0BB1F100555B3E /* ContentView.swift */; };
		D000396C2B0BB1F200555B3E /* Assets.xcassets in Resources */ = {isa = PBXBuildFile; fileRef = D000396B2B0BB1F200555B3E /* Assets.xcassets */; };
		D000396F2B0BB1F200555B3E /* Preview Assets.xcassets in Resources */ = {isa = PBXBuildFile; fileRef = D000396E2B0BB1F200555B3E /* Preview Assets.xcassets */; };
		D00039792B0BB1F300555B3E /* swiftui_30dayTests.swift in Sources */ = {isa = PBXBuildFile; fileRef = D00039782B0BB1F300555B3E /* swiftui_30dayTests.swift */; };
		D00039832B0BB1F300555B3E /* swiftui_30dayUITests.swift in Sources */ = {isa = PBXBuildFile; fileRef = D00039822B0BB1F300555B3E /* swiftui_30dayUITests.swift */; };
		D00039852B0BB1F300555B3E /* swiftui_30dayUITestsLaunchTests.swift in Sources */ = {isa = PBXBuildFile; fileRef = D00039842B0BB1F300555B3E /* swiftui_30dayUITestsLaunchTests.swift */; };
/* End PBXBuildFile section */

/* Begin PBXContainerItemProxy section */
		D00039752B0BB1F300555B3E /* PBXContainerItemProxy */ = {
			isa = PBXContainerItemProxy;
			containerPortal = D000395C2B0BB1F100555B3E /* Project object */;
			proxyType = 1;
			remoteGlobalIDString = D00039632B0BB1F100555B3E;
			remoteInfo = "swiftui-30day";
		};
		D000397F2B0BB1F300555B3E /* PBXContainerItemProxy */ = {
			isa = PBXContainerItemProxy;
			containerPortal = D000395C2B0BB1F100555B3E /* Project object */;
			proxyType = 1;
			remoteGlobalIDString = D00039632B0BB1F100555B3E;
			remoteInfo = "swiftui-30day";
		};
/* End PBXContainerItemProxy section */

/* Begin PBXFileReference section */
		D00039642B0BB1F100555B3E /* swiftui-30day.app */ = {isa = PBXFileReference; explicitFileType = wrapper.application; includeInIndex = 0; path = "swiftui-30day.app"; sourceTree = BUILT_PRODUCTS_DIR; };
		D00039672B0BB1F100555B3E /* swiftui_30dayApp.swift */ = {isa = PBXFileReference; lastKnownFileType = sourcecode.swift; path = swiftui_30dayApp.swift; sourceTree = "<group>"; };
		D00039692B0BB1F100555B3E /* ContentView.swift */ = {isa = PBXFileReference; lastKnownFileType = sourcecode.swift; path = ContentView.swift; sourceTree = "<group>"; };
		D000396B2B0BB1F200555B3E /* Assets.xcassets */ = {isa = PBXFileReference; lastKnownFileType = folder.assetcatalog; path = Assets.xcassets; sourceTree = "<group>"; };
		D000396E2B0BB1F200555B3E /* Preview Assets.xcassets */ = {isa = PBXFileReference; lastKnownFileType = folder.assetcatalog; path = "Preview Assets.xcassets"; sourceTree = "<group>"; };
		D00039742B0BB1F300555B3E /* swiftui-30dayTests.xctest */ = {isa = PBXFileReference; explicitFileType = wrapper.cfbundle; includeInIndex = 0; path = "swiftui-30dayTests.xctest"; sourceTree = BUILT_PRODUCTS_DIR; };
		D00039782B0BB1F300555B3E /* swiftui_30dayTests.swift */ = {isa = PBXFileReference; lastKnownFileType = sourcecode.swift; path = swiftui_30dayTests.swift; sourceTree = "<group>"; };
		D000397E2B0BB1F300555B3E /* swiftui-30dayUITests.xctest */ = {isa = PBXFileReference; explicitFileType = wrapper.cfbundle; includeInIndex = 0; path = "swiftui-30dayUITests.xctest"; sourceTree = BUILT_PRODUCTS_DIR; };
		D00039822B0BB1F300555B3E /* swiftui_30dayUITests.swift */ = {isa = PBXFileReference; lastKnownFileType = sourcecode.swift; path = swiftui_30dayUITests.swift; sourceTree = "<group>"; };
		D00039842B0BB1F300555B3E /* swiftui_30dayUITestsLaunchTests.swift */ = {isa = PBXFileReference; lastKnownFileType = sourcecode.swift; path = swiftui_30dayUITestsLaunchTests.swift; sourceTree = "<group>"; };
/* End PBXFileReference section */

/* Begin PBXFrameworksBuildPhase section */
		D00039612B0BB1F100555B3E /* Frameworks */ = {
			isa = PBXFrameworksBuildPhase;
			buildActionMask = 2147483647;
			files = (
			);
			runOnlyForDeploymentPostprocessing = 0;
		};
		D00039712B0BB1F300555B3E /* Frameworks */ = {
			isa = PBXFrameworksBuildPhase;
			buildActionMask = 2147483647;
			files = (
			);
			runOnlyForDeploymentPostprocessing = 0;
		};
		D000397B2B0BB1F300555B3E /* Frameworks */ = {
			isa = PBXFrameworksBuildPhase;
			buildActionMask = 2147483647;
			files = (
			);
			runOnlyForDeploymentPostprocessing = 0;
		};
/* End PBXFrameworksBuildPhase section */

/* Begin PBXGroup section */
		D000395B2B0BB1F100555B3E = {
			isa = PBXGroup;
			children = (
				D00039662B0BB1F100555B3E /* swiftui-30day */,
				D00039772B0BB1F300555B3E /* swiftui-30dayTests */,
				D00039812B0BB1F300555B3E /* swiftui-30dayUITests */,
				D00039652B0BB1F100555B3E /* Products */,
			);
			sourceTree = "<group>";
		};
		D00039652B0BB1F100555B3E /* Products */ = {
			isa = PBXGroup;
			children = (
				D00039642B0BB1F100555B3E /* swiftui-30day.app */,
				D00039742B0BB1F300555B3E /* swiftui-30dayTests.xctest */,
				D000397E2B0BB1F300555B3E /* swiftui-30dayUITests.xctest */,
			);
			name = Products;
			sourceTree = "<group>";
		};
		D00039662B0BB1F100555B3E /* swiftui-30day */ = {
			isa = PBXGroup;
			children = (
				D00039672B0BB1F100555B3E /* swiftui_30dayApp.swift */,
				D00039692B0BB1F100555B3E /* ContentView.swift */,
				D000396B2B0BB1F200555B3E /* Assets.xcassets */,
				D000396D2B0BB1F200555B3E /* Preview Content */,
			);
			path = "swiftui-30day";
			sourceTree = "<group>";
		};
		D000396D2B0BB1F200555B3E /* Preview Content */ = {
			isa = PBXGroup;
			children = (
				D000396E2B0BB1F200555B3E /* Preview Assets.xcassets */,
			);
			path = "Preview Content";
			sourceTree = "<group>";
		};
		D00039772B0BB1F300555B3E /* swiftui-30dayTests */ = {
			isa = PBXGroup;
			children = (
				D00039782B0BB1F300555B3E /* swiftui_30dayTests.swift */,
			);
			path = "swiftui-30dayTests";
			sourceTree = "<group>";
		};
		D00039812B0BB1F300555B3E /* swiftui-30dayUITests */ = {
			isa = PBXGroup;
			children = (
				D00039822B0BB1F300555B3E /* swiftui_30dayUITests.swift */,
				D00039842B0BB1F300555B3E /* swiftui_30dayUITestsLaunchTests.swift */,
			);
			path = "swiftui-30dayUITests";
			sourceTree = "<group>";
		};
/* End PBXGroup section */

/* Begin PBXNativeTarget section */
		D00039632B0BB1F100555B3E /* swiftui-30day */ = {
			isa = PBXNativeTarget;
			buildConfigurationList = D00039882B0BB1F300555B3E /* Build configuration list for PBXNativeTarget "swiftui-30day" */;
			buildPhases = (
				D00039602B0BB1F100555B3E /* Sources */,
				D00039612B0BB1F100555B3E /* Frameworks */,
				D00039622B0BB1F100555B3E /* Resources */,
			);
			buildRules = (
			);
			dependencies = (
			);
			name = "swiftui-30day";
			productName = "swiftui-30day";
			productReference = D00039642B0BB1F100555B3E /* swiftui-30day.app */;
			productType = "com.apple.product-type.application";
		};
		D00039732B0BB1F300555B3E /* swiftui-30dayTests */ = {
			isa = PBXNativeTarget;
			buildConfigurationList = D000398B2B0BB1F300555B3E /* Build configuration list for PBXNativeTarget "swiftui-30dayTests" */;
			buildPhases = (
				D00039702B0BB1F300555B3E /* Sources */,
				D00039712B0BB1F300555B3E /* Frameworks */,
				D00039722B0BB1F300555B3E /* Resources */,
			);
			buildRules = (
			);
			dependencies = (
				D00039762B0BB1F300555B3E /* PBXTargetDependency */,
			);
			name = "swiftui-30dayTests";
			productName = "swiftui-30dayTests";
			productReference = D00039742B0BB1F300555B3E /* swiftui-30dayTests.xctest */;
			productType = "com.apple.product-type.bundle.unit-test";
		};
		D000397D2B0BB1F300555B3E /* swiftui-30dayUITests */ = {
			isa = PBXNativeTarget;
			buildConfigurationList = D000398E2B0BB1F300555B3E /* Build configuration list for PBXNativeTarget "swiftui-30dayUITests" */;
			buildPhases = (
				D000397A2B0BB1F300555B3E /* Sources */,
				D000397B2B0BB1F300555B3E /* Frameworks */,
				D000397C2B0BB1F300555B3E /* Resources */,
			);
			buildRules = (
			);
			dependencies = (
				D00039802B0BB1F300555B3E /* PBXTargetDependency */,
			);
			name = "swiftui-30dayUITests";
			productName = "swiftui-30dayUITests";
			productReference = D000397E2B0BB1F300555B3E /* swiftui-30dayUITests.xctest */;
			productType = "com.apple.product-type.bundle.ui-testing";
		};
/* End PBXNativeTarget section */

/* Begin PBXProject section */
		D000395C2B0BB1F100555B3E /* Project object */ = {
			isa = PBXProject;
			attributes = {
				BuildIndependentTargetsInParallel = 1;
				LastSwiftUpdateCheck = 1500;
				LastUpgradeCheck = 1500;
				TargetAttributes = {
					D00039632B0BB1F100555B3E = {
						CreatedOnToolsVersion = 15.0.1;
					};
					D00039732B0BB1F300555B3E = {
						CreatedOnToolsVersion = 15.0.1;
						TestTargetID = D00039632B0BB1F100555B3E;
					};
					D000397D2B0BB1F300555B3E = {
						CreatedOnToolsVersion = 15.0.1;
						TestTargetID = D00039632B0BB1F100555B3E;
					};
				};
			};
			buildConfigurationList = D000395F2B0BB1F100555B3E /* Build configuration list for PBXProject "swiftui-30day" */;
			compatibilityVersion = "Xcode 14.0";
			developmentRegion = en;
			hasScannedForEncodings = 0;
			knownRegions = (
				en,
				Base,
			);
			mainGroup = D000395B2B0BB1F100555B3E;
			productRefGroup = D00039652B0BB1F100555B3E /* Products */;
			projectDirPath = "";
			projectRoot = "";
			targets = (
				D00039632B0BB1F100555B3E /* swiftui-30day */,
				D00039732B0BB1F300555B3E /* swiftui-30dayTests */,
				D000397D2B0BB1F300555B3E /* swiftui-30dayUITests */,
			);
		};
/* End PBXProject section */

/* Begin PBXResourcesBuildPhase section */
		D00039622B0BB1F100555B3E /* Resources */ = {
			isa = PBXResourcesBuildPhase;
			buildActionMask = 2147483647;
			files = (
				D000396F2B0BB1F200555B3E /* Preview Assets.xcassets in Resources */,
				D000396C2B0BB1F200555B3E /* Assets.xcassets in Resources */,
			);
			runOnlyForDeploymentPostprocessing = 0;
		};
		D00039722B0BB1F300555B3E /* Resources */ = {
			isa = PBXResourcesBuildPhase;
			buildActionMask = 2147483647;
			files = (
			);
			runOnlyForDeploymentPostprocessing = 0;
		};
		D000397C2B0BB1F300555B3E /* Resources */ = {
			isa = PBXResourcesBuildPhase;
			buildActionMask = 2147483647;
			files = (
			);
			runOnlyForDeploymentPostprocessing = 0;
		};
/* End PBXResourcesBuildPhase section */

/* Begin PBXSourcesBuildPhase section */
		D00039602B0BB1F100555B3E /* Sources */ = {
			isa = PBXSourcesBuildPhase;
			buildActionMask = 2147483647;
			files = (
				D000396A2B0BB1F100555B3E /* ContentView.swift in Sources */,
				D00039682B0BB1F100555B3E /* swiftui_30dayApp.swift in Sources */,
			);
			runOnlyForDeploymentPostprocessing = 0;
		};
		D00039702B0BB1F300555B3E /* Sources */ = {
			isa = PBXSourcesBuildPhase;
			buildActionMask = 2147483647;
			files = (
				D00039792B0BB1F300555B3E /* swiftui_30dayTests.swift in Sources */,
			);
			runOnlyForDeploymentPostprocessing = 0;
		};
		D000397A2B0BB1F300555B3E /* Sources */ = {
			isa = PBXSourcesBuildPhase;
			buildActionMask = 2147483647;
			files = (
				D00039852B0BB1F300555B3E /* swiftui_30dayUITestsLaunchTests.swift in Sources */,
				D00039832B0BB1F300555B3E /* swiftui_30dayUITests.swift in Sources */,
			);
			runOnlyForDeploymentPostprocessing = 0;
		};
/* End PBXSourcesBuildPhase section */

/* Begin PBXTargetDependency section */
		D00039762B0BB1F300555B3E /* PBXTargetDependency */ = {
			isa = PBXTargetDependency;
			target = D00039632B0BB1F100555B3E /* swiftui-30day */;
			targetProxy = D00039752B0BB1F300555B3E /* PBXContainerItemProxy */;
		};
		D00039802B0BB1F300555B3E /* PBXTargetDependency */ = {
			isa = PBXTargetDependency;
			target = D00039632B0BB1F100555B3E /* swiftui-30day */;
			targetProxy = D000397F2B0BB1F300555B3E /* PBXContainerItemProxy */;
		};
/* End PBXTargetDependency section */

/* Begin XCBuildConfiguration section */
		D00039862B0BB1F300555B3E /* Debug */ = {
			isa = XCBuildConfiguration;
			buildSettings = {
				ALWAYS_SEARCH_USER_PATHS = NO;
				ASSETCATALOG_COMPILER_GENERATE_SWIFT_ASSET_SYMBOL_EXTENSIONS = YES;
				CLANG_ANALYZER_NONNULL = YES;
				CLANG_ANALYZER_NUMBER_OBJECT_CONVERSION = YES_AGGRESSIVE;
				CLANG_CXX_LANGUAGE_STANDARD = "gnu++20";
				CLANG_ENABLE_MODULES = YES;
				CLANG_ENABLE_OBJC_ARC = YES;
				CLANG_ENABLE_OBJC_WEAK = YES;
				CLANG_WARN_BLOCK_CAPTURE_AUTORELEASING = YES;
				CLANG_WARN_BOOL_CONVERSION = YES;
				CLANG_WARN_COMMA = YES;
				CLANG_WARN_CONSTANT_CONVERSION = YES;
				CLANG_WARN_DEPRECATED_OBJC_IMPLEMENTATIONS = YES;
				CLANG_WARN_DIRECT_OBJC_ISA_USAGE = YES_ERROR;
				CLANG_WARN_DOCUMENTATION_COMMENTS = YES;
				CLANG_WARN_EMPTY_BODY = YES;
				CLANG_WARN_ENUM_CONVERSION = YES;
				CLANG_WARN_INFINITE_RECURSION = YES;
				CLANG_WARN_INT_CONVERSION = YES;
				CLANG_WARN_NON_LITERAL_NULL_CONVERSION = YES;
				CLANG_WARN_OBJC_IMPLICIT_RETAIN_SELF = YES;
				CLANG_WARN_OBJC_LITERAL_CONVERSION = YES;
				CLANG_WARN_OBJC_ROOT_CLASS = YES_ERROR;
				CLANG_WARN_QUOTED_INCLUDE_IN_FRAMEWORK_HEADER = YES;
				CLANG_WARN_RANGE_LOOP_ANALYSIS = YES;
				CLANG_WARN_STRICT_PROTOTYPES = YES;
				CLANG_WARN_SUSPICIOUS_MOVE = YES;
				CLANG_WARN_UNGUARDED_AVAILABILITY = YES_AGGRESSIVE;
				CLANG_WARN_UNREACHABLE_CODE = YES;
				CLANG_WARN__DUPLICATE_METHOD_MATCH = YES;
				COPY_PHASE_STRIP = NO;
				DEBUG_INFORMATION_FORMAT = dwarf;
				ENABLE_STRICT_OBJC_MSGSEND = YES;
				ENABLE_TESTABILITY = YES;
				ENABLE_USER_SCRIPT_SANDBOXING = YES;
				GCC_C_LANGUAGE_STANDARD = gnu17;
				GCC_DYNAMIC_NO_PIC = NO;
				GCC_NO_COMMON_BLOCKS = YES;
				GCC_OPTIMIZATION_LEVEL = 0;
				GCC_PREPROCESSOR_DEFINITIONS = (
					"DEBUG=1",
					"$(inherited)",
				);
				GCC_WARN_64_TO_32_BIT_CONVERSION = YES;
				GCC_WARN_ABOUT_RETURN_TYPE = YES_ERROR;
				GCC_WARN_UNDECLARED_SELECTOR = YES;
				GCC_WARN_UNINITIALIZED_AUTOS = YES_AGGRESSIVE;
				GCC_WARN_UNUSED_FUNCTION = YES;
				GCC_WARN_UNUSED_VARIABLE = YES;
				IPHONEOS_DEPLOYMENT_TARGET = 17.0;
				LOCALIZATION_PREFERS_STRING_CATALOGS = YES;
				MTL_ENABLE_DEBUG_INFO = INCLUDE_SOURCE;
				MTL_FAST_MATH = YES;
				ONLY_ACTIVE_ARCH = YES;
				SDKROOT = iphoneos;
				SWIFT_ACTIVE_COMPILATION_CONDITIONS = "DEBUG $(inherited)";
				SWIFT_OPTIMIZATION_LEVEL = "-Onone";
			};
			name = Debug;
		};
		D00039872B0BB1F300555B3E /* Release */ = {
			isa = XCBuildConfiguration;
			buildSettings = {
				ALWAYS_SEARCH_USER_PATHS = NO;
				ASSETCATALOG_COMPILER_GENERATE_SWIFT_ASSET_SYMBOL_EXTENSIONS = YES;
				CLANG_ANALYZER_NONNULL = YES;
				CLANG_ANALYZER_NUMBER_OBJECT_CONVERSION = YES_AGGRESSIVE;
				CLANG_CXX_LANGUAGE_STANDARD = "gnu++20";
				CLANG_ENABLE_MODULES = YES;
				CLANG_ENABLE_OBJC_ARC = YES;
				CLANG_ENABLE_OBJC_WEAK = YES;
				CLANG_WARN_BLOCK_CAPTURE_AUTORELEASING = YES;
				CLANG_WARN_BOOL_CONVERSION = YES;
				CLANG_WARN_COMMA = YES;
				CLANG_WARN_CONSTANT_CONVERSION = YES;
				CLANG_WARN_DEPRECATED_OBJC_IMPLEMENTATIONS = YES;
				CLANG_WARN_DIRECT_OBJC_ISA_USAGE = YES_ERROR;
				CLANG_WARN_DOCUMENTATION_COMMENTS = YES;
				CLANG_WARN_EMPTY_BODY = YES;
				CLANG_WARN_ENUM_CONVERSION = YES;
				CLANG_WARN_INFINITE_RECURSION = YES;
				CLANG_WARN_INT_CONVERSION = YES;
				CLANG_WARN_NON_LITERAL_NULL_CONVERSION = YES;
				CLANG_WARN_OBJC_IMPLICIT_RETAIN_SELF = YES;
				CLANG_WARN_OBJC_LITERAL_CONVERSION = YES;
				CLANG_WARN_OBJC_ROOT_CLASS = YES_ERROR;
				CLANG_WARN_QUOTED_INCLUDE_IN_FRAMEWORK_HEADER = YES;
				CLANG_WARN_RANGE_LOOP_ANALYSIS = YES;
				CLANG_WARN_STRICT_PROTOTYPES = YES;
				CLANG_WARN_SUSPICIOUS_MOVE = YES;
				CLANG_WARN_UNGUARDED_AVAILABILITY = YES_AGGRESSIVE;
				CLANG_WARN_UNREACHABLE_CODE = YES;
				CLANG_WARN__DUPLICATE_METHOD_MATCH = YES;
				COPY_PHASE_STRIP = NO;
				DEBUG_INFORMATION_FORMAT = "dwarf-with-dsym";
				ENABLE_NS_ASSERTIONS = NO;
				ENABLE_STRICT_OBJC_MSGSEND = YES;
				ENABLE_USER_SCRIPT_SANDBOXING = YES;
				GCC_C_LANGUAGE_STANDARD = gnu17;
				GCC_NO_COMMON_BLOCKS = YES;
				GCC_WARN_64_TO_32_BIT_CONVERSION = YES;
				GCC_WARN_ABOUT_RETURN_TYPE = YES_ERROR;
				GCC_WARN_UNDECLARED_SELECTOR = YES;
				GCC_WARN_UNINITIALIZED_AUTOS = YES_AGGRESSIVE;
				GCC_WARN_UNUSED_FUNCTION = YES;
				GCC_WARN_UNUSED_VARIABLE = YES;
				IPHONEOS_DEPLOYMENT_TARGET = 17.0;
				LOCALIZATION_PREFERS_STRING_CATALOGS = YES;
				MTL_ENABLE_DEBUG_INFO = NO;
				MTL_FAST_MATH = YES;
				SDKROOT = iphoneos;
				SWIFT_COMPILATION_MODE = wholemodule;
				VALIDATE_PRODUCT = YES;
			};
			name = Release;
		};
		D00039892B0BB1F300555B3E /* Debug */ = {
			isa = XCBuildConfiguration;
			buildSettings = {
				ASSETCATALOG_COMPILER_APPICON_NAME = AppIcon;
				ASSETCATALOG_COMPILER_GLOBAL_ACCENT_COLOR_NAME = AccentColor;
				CODE_SIGN_STYLE = Automatic;
				CURRENT_PROJECT_VERSION = 1;
				DEVELOPMENT_ASSET_PATHS = "\"swiftui-30day/Preview Content\"";
				DEVELOPMENT_TEAM = XAG2VGLG35;
				ENABLE_PREVIEWS = YES;
				GENERATE_INFOPLIST_FILE = YES;
				INFOPLIST_KEY_UIApplicationSceneManifest_Generation = YES;
				INFOPLIST_KEY_UIApplicationSupportsIndirectInputEvents = YES;
				INFOPLIST_KEY_UILaunchScreen_Generation = YES;
				INFOPLIST_KEY_UISupportedInterfaceOrientations_iPad = "UIInterfaceOrientationPortrait UIInterfaceOrientationPortraitUpsideDown UIInterfaceOrientationLandscapeLeft UIInterfaceOrientationLandscapeRight";
				INFOPLIST_KEY_UISupportedInterfaceOrientations_iPhone = "UIInterfaceOrientationPortrait UIInterfaceOrientationLandscapeLeft UIInterfaceOrientationLandscapeRight";
				LD_RUNPATH_SEARCH_PATHS = (
					"$(inherited)",
					"@executable_path/Frameworks",
				);
				MARKETING_VERSION = 1.0;
				PRODUCT_BUNDLE_IDENTIFIER = "https---sara-mohammed96.github.io-saraportfolio-.swiftui-30day";
				PRODUCT_NAME = "$(TARGET_NAME)";
				SWIFT_EMIT_LOC_STRINGS = YES;
				SWIFT_VERSION = 5.0;
				TARGETED_DEVICE_FAMILY = "1,2";
			};
			name = Debug;
		};
		D000398A2B0BB1F300555B3E /* Release */ = {
			isa = XCBuildConfiguration;
			buildSettings = {
				ASSETCATALOG_COMPILER_APPICON_NAME = AppIcon;
				ASSETCATALOG_COMPILER_GLOBAL_ACCENT_COLOR_NAME = AccentColor;
				CODE_SIGN_STYLE = Automatic;
				CURRENT_PROJECT_VERSION = 1;
				DEVELOPMENT_ASSET_PATHS = "\"swiftui-30day/Preview Content\"";
				DEVELOPMENT_TEAM = XAG2VGLG35;
				ENABLE_PREVIEWS = YES;
				GENERATE_INFOPLIST_FILE = YES;
				INFOPLIST_KEY_UIApplicationSceneManifest_Generation = YES;
				INFOPLIST_KEY_UIApplicationSupportsIndirectInputEvents = YES;
				INFOPLIST_KEY_UILaunchScreen_Generation = YES;
				INFOPLIST_KEY_UISupportedInterfaceOrientations_iPad = "UIInterfaceOrientationPortrait UIInterfaceOrientationPortraitUpsideDown UIInterfaceOrientationLandscapeLeft UIInterfaceOrientationLandscapeRight";
				INFOPLIST_KEY_UISupportedInterfaceOrientations_iPhone = "UIInterfaceOrientationPortrait UIInterfaceOrientationLandscapeLeft UIInterfaceOrientationLandscapeRight";
				LD_RUNPATH_SEARCH_PATHS = (
					"$(inherited)",
					"@executable_path/Frameworks",
				);
				MARKETING_VERSION = 1.0;
				PRODUCT_BUNDLE_IDENTIFIER = "https---sara-mohammed96.github.io-saraportfolio-.swiftui-30day";
				PRODUCT_NAME = "$(TARGET_NAME)";
				SWIFT_EMIT_LOC_STRINGS = YES;
				SWIFT_VERSION = 5.0;
				TARGETED_DEVICE_FAMILY = "1,2";
			};
			name = Release;
		};
		D000398C2B0BB1F300555B3E /* Debug */ = {
			isa = XCBuildConfiguration;
			buildSettings = {
				ALWAYS_EMBED_SWIFT_STANDARD_LIBRARIES = YES;
				BUNDLE_LOADER = "$(TEST_HOST)";
				CODE_SIGN_STYLE = Automatic;
				CURRENT_PROJECT_VERSION = 1;
				DEVELOPMENT_TEAM = XAG2VGLG35;
				GENERATE_INFOPLIST_FILE = YES;
				IPHONEOS_DEPLOYMENT_TARGET = 17.0;
				MARKETING_VERSION = 1.0;
				PRODUCT_BUNDLE_IDENTIFIER = "https---sara-mohammed96.github.io-saraportfolio-.swiftui-30dayTests";
				PRODUCT_NAME = "$(TARGET_NAME)";
				SWIFT_EMIT_LOC_STRINGS = NO;
				SWIFT_VERSION = 5.0;
				TARGETED_DEVICE_FAMILY = "1,2";
				TEST_HOST = "$(BUILT_PRODUCTS_DIR)/swiftui-30day.app/$(BUNDLE_EXECUTABLE_FOLDER_PATH)/swiftui-30day";
			};
			name = Debug;
		};
		D000398D2B0BB1F300555B3E /* Release */ = {
			isa = XCBuildConfiguration;
			buildSettings = {
				ALWAYS_EMBED_SWIFT_STANDARD_LIBRARIES = YES;
				BUNDLE_LOADER = "$(TEST_HOST)";
				CODE_SIGN_STYLE = Automatic;
				CURRENT_PROJECT_VERSION = 1;
				DEVELOPMENT_TEAM = XAG2VGLG35;
				GENERATE_INFOPLIST_FILE = YES;
				IPHONEOS_DEPLOYMENT_TARGET = 17.0;
				MARKETING_VERSION = 1.0;
				PRODUCT_BUNDLE_IDENTIFIER = "https---sara-mohammed96.github.io-saraportfolio-.swiftui-30dayTests";
				PRODUCT_NAME = "$(TARGET_NAME)";
				SWIFT_EMIT_LOC_STRINGS = NO;
				SWIFT_VERSION = 5.0;
				TARGETED_DEVICE_FAMILY = "1,2";
				TEST_HOST = "$(BUILT_PRODUCTS_DIR)/swiftui-30day.app/$(BUNDLE_EXECUTABLE_FOLDER_PATH)/swiftui-30day";
			};
			name = Release;
		};
		D000398F2B0BB1F300555B3E /* Debug */ = {
			isa = XCBuildConfiguration;
			buildSettings = {
				ALWAYS_EMBED_SWIFT_STANDARD_LIBRARIES = YES;
				CODE_SIGN_STYLE = Automatic;
				CURRENT_PROJECT_VERSION = 1;
				DEVELOPMENT_TEAM = XAG2VGLG35;
				GENERATE_INFOPLIST_FILE = YES;
				MARKETING_VERSION = 1.0;
				PRODUCT_BUNDLE_IDENTIFIER = "https---sara-mohammed96.github.io-saraportfolio-.swiftui-30dayUITests";
				PRODUCT_NAME = "$(TARGET_NAME)";
				SWIFT_EMIT_LOC_STRINGS = NO;
				SWIFT_VERSION = 5.0;
				TARGETED_DEVICE_FAMILY = "1,2";
				TEST_TARGET_NAME = "swiftui-30day";
			};
			name = Debug;
		};
		D00039902B0BB1F300555B3E /* Release */ = {
			isa = XCBuildConfiguration;
			buildSettings = {
				ALWAYS_EMBED_SWIFT_STANDARD_LIBRARIES = YES;
				CODE_SIGN_STYLE = Automatic;
				CURRENT_PROJECT_VERSION = 1;
				DEVELOPMENT_TEAM = XAG2VGLG35;
				GENERATE_INFOPLIST_FILE = YES;
				MARKETING_VERSION = 1.0;
				PRODUCT_BUNDLE_IDENTIFIER = "https---sara-mohammed96.github.io-saraportfolio-.swiftui-30dayUITests";
				PRODUCT_NAME = "$(TARGET_NAME)";
				SWIFT_EMIT_LOC_STRINGS = NO;
				SWIFT_VERSION = 5.0;
				TARGETED_DEVICE_FAMILY = "1,2";
				TEST_TARGET_NAME = "swiftui-30day";
			};
			name = Release;
		};
/* End XCBuildConfiguration section */

/* Begin XCConfigurationList section */
		D000395F2B0BB1F100555B3E /* Build configuration list for PBXProject "swiftui-30day" */ = {
			isa = XCConfigurationList;
			buildConfigurations = (
				D00039862B0BB1F300555B3E /* Debug */,
				D00039872B0BB1F300555B3E /* Release */,
			);
			defaultConfigurationIsVisible = 0;
			defaultConfigurationName = Release;
		};
		D00039882B0BB1F300555B3E /* Build configuration list for PBXNativeTarget "swiftui-30day" */ = {
			isa = XCConfigurationList;
			buildConfigurations = (
				D00039892B0BB1F300555B3E /* Debug */,
				D000398A2B0BB1F300555B3E /* Release */,
			);
			defaultConfigurationIsVisible = 0;
			defaultConfigurationName = Release;
		};
		D000398B2B0BB1F300555B3E /* Build configuration list for PBXNativeTarget "swiftui-30dayTests" */ = {
			isa = XCConfigurationList;
			buildConfigurations = (
				D000398C2B0BB1F300555B3E /* Debug */,
				D000398D2B0BB1F300555B3E /* Release */,
			);
			defaultConfigurationIsVisible = 0;
			defaultConfigurationName = Release;
		};
		D000398E2B0BB1F300555B3E /* Build configuration list for PBXNativeTarget "swiftui-30dayUITests" */ = {
			isa = XCConfigurationList;
			buildConfigurations = (
				D000398F2B0BB1F300555B3E /* Debug */,
				D00039902B0BB1F300555B3E /* Release */,
			);
			defaultConfigurationIsVisible = 0;
			defaultConfigurationName = Release;
		};
/* End XCConfigurationList section */
	};
	rootObject = D000395C2B0BB1F100555B3E /* Project object */;
}
